// !$*UTF8*$!
{
	archiveVersion = 1;
	classes = {
	};
	objectVersion = 56;
	objects = {

/* Begin PBXBuildFile section */
		B04E138529990F710055CA7F /* MolkkyScoreBoardApp.swift in Sources */ = {isa = PBXBuildFile; fileRef = B04E138429990F710055CA7F /* MolkkyScoreBoardApp.swift */; };
		B04E138929990F730055CA7F /* Assets.xcassets in Resources */ = {isa = PBXBuildFile; fileRef = B04E138829990F730055CA7F /* Assets.xcassets */; };
		B04E138C29990F730055CA7F /* Preview Assets.xcassets in Resources */ = {isa = PBXBuildFile; fileRef = B04E138B29990F730055CA7F /* Preview Assets.xcassets */; };
		B04E1394299913E30055CA7F /* ComposableArchitecture in Frameworks */ = {isa = PBXBuildFile; productRef = B04E1393299913E30055CA7F /* ComposableArchitecture */; };
		B04E13972999155C0055CA7F /* HomeTabView.swift in Sources */ = {isa = PBXBuildFile; fileRef = B04E13962999155C0055CA7F /* HomeTabView.swift */; };
		B04E139E299917FD0055CA7F /* StartMenuView.swift in Sources */ = {isa = PBXBuildFile; fileRef = B04E139D299917FD0055CA7F /* StartMenuView.swift */; };
		B04E13A0299918120055CA7F /* InformationView.swift in Sources */ = {isa = PBXBuildFile; fileRef = B04E139F299918120055CA7F /* InformationView.swift */; };
		B04E13A4299BF1540055CA7F /* NavigationViewAppearance.swift in Sources */ = {isa = PBXBuildFile; fileRef = B04E13A3299BF1540055CA7F /* NavigationViewAppearance.swift */; };
		B04E13A6299D343D0055CA7F /* TeamSelectButtonView.swift in Sources */ = {isa = PBXBuildFile; fileRef = B04E13A5299D343D0055CA7F /* TeamSelectButtonView.swift */; };
		B04E13A9299D39920055CA7F /* TeamMakeView.swift in Sources */ = {isa = PBXBuildFile; fileRef = B04E13A8299D39920055CA7F /* TeamMakeView.swift */; };
		B0AEE9D2299E963A0026AA42 /* TeamMakeFeature.swift in Sources */ = {isa = PBXBuildFile; fileRef = B0AEE9D1299E963A0026AA42 /* TeamMakeFeature.swift */; };
		B0AEE9D4299E96CD0026AA42 /* TeamDto.swift in Sources */ = {isa = PBXBuildFile; fileRef = B0AEE9D3299E96CD0026AA42 /* TeamDto.swift */; };
		B0AEE9D6299E974F0026AA42 /* TeamMemberDto.swift in Sources */ = {isa = PBXBuildFile; fileRef = B0AEE9D5299E974F0026AA42 /* TeamMemberDto.swift */; };
/* End PBXBuildFile section */

/* Begin PBXFileReference section */
		B04E138129990F710055CA7F /* MolkkyScoreBoard.app */ = {isa = PBXFileReference; explicitFileType = wrapper.application; includeInIndex = 0; path = MolkkyScoreBoard.app; sourceTree = BUILT_PRODUCTS_DIR; };
		B04E138429990F710055CA7F /* MolkkyScoreBoardApp.swift */ = {isa = PBXFileReference; lastKnownFileType = sourcecode.swift; path = MolkkyScoreBoardApp.swift; sourceTree = "<group>"; };
		B04E138829990F730055CA7F /* Assets.xcassets */ = {isa = PBXFileReference; lastKnownFileType = folder.assetcatalog; path = Assets.xcassets; sourceTree = "<group>"; };
		B04E138B29990F730055CA7F /* Preview Assets.xcassets */ = {isa = PBXFileReference; lastKnownFileType = folder.assetcatalog; path = "Preview Assets.xcassets"; sourceTree = "<group>"; };
		B04E13962999155C0055CA7F /* HomeTabView.swift */ = {isa = PBXFileReference; lastKnownFileType = sourcecode.swift; path = HomeTabView.swift; sourceTree = "<group>"; };
		B04E13982999162A0055CA7F /* Info.plist */ = {isa = PBXFileReference; lastKnownFileType = text.plist; path = Info.plist; sourceTree = "<group>"; };
		B04E139D299917FD0055CA7F /* StartMenuView.swift */ = {isa = PBXFileReference; lastKnownFileType = sourcecode.swift; path = StartMenuView.swift; sourceTree = "<group>"; };
		B04E139F299918120055CA7F /* InformationView.swift */ = {isa = PBXFileReference; lastKnownFileType = sourcecode.swift; path = InformationView.swift; sourceTree = "<group>"; };
		B04E13A3299BF1540055CA7F /* NavigationViewAppearance.swift */ = {isa = PBXFileReference; lastKnownFileType = sourcecode.swift; path = NavigationViewAppearance.swift; sourceTree = "<group>"; };
		B04E13A5299D343D0055CA7F /* TeamSelectButtonView.swift */ = {isa = PBXFileReference; lastKnownFileType = sourcecode.swift; path = TeamSelectButtonView.swift; sourceTree = "<group>"; };
		B04E13A8299D39920055CA7F /* TeamMakeView.swift */ = {isa = PBXFileReference; lastKnownFileType = sourcecode.swift; path = TeamMakeView.swift; sourceTree = "<group>"; };
		B0AEE9D1299E963A0026AA42 /* TeamMakeFeature.swift */ = {isa = PBXFileReference; lastKnownFileType = sourcecode.swift; path = TeamMakeFeature.swift; sourceTree = "<group>"; };
		B0AEE9D3299E96CD0026AA42 /* TeamDto.swift */ = {isa = PBXFileReference; lastKnownFileType = sourcecode.swift; path = TeamDto.swift; sourceTree = "<group>"; };
		B0AEE9D5299E974F0026AA42 /* TeamMemberDto.swift */ = {isa = PBXFileReference; lastKnownFileType = sourcecode.swift; path = TeamMemberDto.swift; sourceTree = "<group>"; };
/* End PBXFileReference section */

/* Begin PBXFrameworksBuildPhase section */
		B04E137E29990F710055CA7F /* Frameworks */ = {
			isa = PBXFrameworksBuildPhase;
			buildActionMask = 2147483647;
			files = (
				B04E1394299913E30055CA7F /* ComposableArchitecture in Frameworks */,
			);
			runOnlyForDeploymentPostprocessing = 0;
		};
/* End PBXFrameworksBuildPhase section */

/* Begin PBXGroup section */
		B04E137829990F710055CA7F = {
			isa = PBXGroup;
			children = (
				B04E138329990F710055CA7F /* MolkkyScoreBoard */,
				B04E138229990F710055CA7F /* Products */,
			);
			sourceTree = "<group>";
		};
		B04E138229990F710055CA7F /* Products */ = {
			isa = PBXGroup;
			children = (
				B04E138129990F710055CA7F /* MolkkyScoreBoard.app */,
			);
			name = Products;
			sourceTree = "<group>";
		};
		B04E138329990F710055CA7F /* MolkkyScoreBoard */ = {
			isa = PBXGroup;
			children = (
				B04E138829990F730055CA7F /* Assets.xcassets */,
				B04E13982999162A0055CA7F /* Info.plist */,
				B04E138A29990F730055CA7F /* Preview Content */,
				B04E139C299917A80055CA7F /* UI */,
			);
			path = MolkkyScoreBoard;
			sourceTree = "<group>";
		};
		B04E138A29990F730055CA7F /* Preview Content */ = {
			isa = PBXGroup;
			children = (
				B04E138B29990F730055CA7F /* Preview Assets.xcassets */,
			);
			path = "Preview Content";
			sourceTree = "<group>";
		};
		B04E1399299917540055CA7F /* StartMenu */ = {
			isa = PBXGroup;
			children = (
				B04E139D299917FD0055CA7F /* StartMenuView.swift */,
				B04E13A7299D38DA0055CA7F /* TeamMake */,
				B04E13A5299D343D0055CA7F /* TeamSelectButtonView.swift */,
			);
			path = StartMenu;
			sourceTree = "<group>";
		};
		B04E139A299917700055CA7F /* Information */ = {
			isa = PBXGroup;
			children = (
				B04E139F299918120055CA7F /* InformationView.swift */,
			);
			path = Information;
			sourceTree = "<group>";
		};
		B04E139C299917A80055CA7F /* UI */ = {
			isa = PBXGroup;
			children = (
				B04E13A2299BF12C0055CA7F /* Common */,
				B04E13A12999186E0055CA7F /* Home */,
				B04E138429990F710055CA7F /* MolkkyScoreBoardApp.swift */,
			);
			path = UI;
			sourceTree = "<group>";
		};
		B04E13A12999186E0055CA7F /* Home */ = {
			isa = PBXGroup;
			children = (
				B04E13962999155C0055CA7F /* HomeTabView.swift */,
				B04E139A299917700055CA7F /* Information */,
				B04E1399299917540055CA7F /* StartMenu */,
			);
			path = Home;
			sourceTree = "<group>";
		};
		B04E13A2299BF12C0055CA7F /* Common */ = {
			isa = PBXGroup;
			children = (
				B04E13A3299BF1540055CA7F /* NavigationViewAppearance.swift */,
			);
			path = Common;
			sourceTree = "<group>";
		};
		B04E13A7299D38DA0055CA7F /* TeamMake */ = {
			isa = PBXGroup;
			children = (
				B0AEE9D7299E97ED0026AA42 /* DTO */,
				B0AEE9D1299E963A0026AA42 /* TeamMakeFeature.swift */,
				B04E13A8299D39920055CA7F /* TeamMakeView.swift */,
			);
			path = TeamMake;
			sourceTree = "<group>";
		};
		B0AEE9D7299E97ED0026AA42 /* DTO */ = {
			isa = PBXGroup;
			children = (
				B0AEE9D3299E96CD0026AA42 /* TeamDto.swift */,
				B0AEE9D5299E974F0026AA42 /* TeamMemberDto.swift */,
			);
			path = DTO;
			sourceTree = "<group>";
		};
/* End PBXGroup section */

/* Begin PBXNativeTarget section */
		B04E138029990F710055CA7F /* MolkkyScoreBoard */ = {
			isa = PBXNativeTarget;
			buildConfigurationList = B04E138F29990F730055CA7F /* Build configuration list for PBXNativeTarget "MolkkyScoreBoard" */;
			buildPhases = (
				B04E137D29990F710055CA7F /* Sources */,
				B04E137E29990F710055CA7F /* Frameworks */,
				B04E137F29990F710055CA7F /* Resources */,
			);
			buildRules = (
			);
			dependencies = (
			);
			name = MolkkyScoreBoard;
			packageProductDependencies = (
				B04E1393299913E30055CA7F /* ComposableArchitecture */,
			);
			productName = MolkkyScoreBoard;
			productReference = B04E138129990F710055CA7F /* MolkkyScoreBoard.app */;
			productType = "com.apple.product-type.application";
		};
/* End PBXNativeTarget section */

/* Begin PBXProject section */
		B04E137929990F710055CA7F /* Project object */ = {
			isa = PBXProject;
			attributes = {
				BuildIndependentTargetsInParallel = 1;
				LastSwiftUpdateCheck = 1420;
				LastUpgradeCheck = 1420;
				TargetAttributes = {
					B04E138029990F710055CA7F = {
						CreatedOnToolsVersion = 14.2;
					};
				};
			};
			buildConfigurationList = B04E137C29990F710055CA7F /* Build configuration list for PBXProject "MolkkyScoreBoard" */;
			compatibilityVersion = "Xcode 14.0";
			developmentRegion = en;
			hasScannedForEncodings = 0;
			knownRegions = (
				en,
				Base,
			);
			mainGroup = B04E137829990F710055CA7F;
			packageReferences = (
				B04E1392299913E30055CA7F /* XCRemoteSwiftPackageReference "swift-composable-architecture" */,
			);
			productRefGroup = B04E138229990F710055CA7F /* Products */;
			projectDirPath = "";
			projectRoot = "";
			targets = (
				B04E138029990F710055CA7F /* MolkkyScoreBoard */,
			);
		};
/* End PBXProject section */

/* Begin PBXResourcesBuildPhase section */
		B04E137F29990F710055CA7F /* Resources */ = {
			isa = PBXResourcesBuildPhase;
			buildActionMask = 2147483647;
			files = (
				B04E138C29990F730055CA7F /* Preview Assets.xcassets in Resources */,
				B04E138929990F730055CA7F /* Assets.xcassets in Resources */,
			);
			runOnlyForDeploymentPostprocessing = 0;
		};
/* End PBXResourcesBuildPhase section */

/* Begin PBXSourcesBuildPhase section */
		B04E137D29990F710055CA7F /* Sources */ = {
			isa = PBXSourcesBuildPhase;
			buildActionMask = 2147483647;
			files = (
				B04E13A4299BF1540055CA7F /* NavigationViewAppearance.swift in Sources */,
				B0AEE9D2299E963A0026AA42 /* TeamMakeFeature.swift in Sources */,
				B04E138529990F710055CA7F /* MolkkyScoreBoardApp.swift in Sources */,
				B04E13A0299918120055CA7F /* InformationView.swift in Sources */,
				B04E13A6299D343D0055CA7F /* TeamSelectButtonView.swift in Sources */,
				B0AEE9D4299E96CD0026AA42 /* TeamDto.swift in Sources */,
				B04E13A9299D39920055CA7F /* TeamMakeView.swift in Sources */,
				B0AEE9D6299E974F0026AA42 /* TeamMemberDto.swift in Sources */,
				B04E13972999155C0055CA7F /* HomeTabView.swift in Sources */,
				B04E139E299917FD0055CA7F /* StartMenuView.swift in Sources */,
			);
			runOnlyForDeploymentPostprocessing = 0;
		};
/* End PBXSourcesBuildPhase section */

/* Begin XCBuildConfiguration section */
		B04E138D29990F730055CA7F /* Debug */ = {
			isa = XCBuildConfiguration;
			buildSettings = {
				ALWAYS_SEARCH_USER_PATHS = NO;
				CLANG_ANALYZER_NONNULL = YES;
				CLANG_ANALYZER_NUMBER_OBJECT_CONVERSION = YES_AGGRESSIVE;
				CLANG_CXX_LANGUAGE_STANDARD = "gnu++20";
				CLANG_ENABLE_MODULES = YES;
				CLANG_ENABLE_OBJC_ARC = YES;
				CLANG_ENABLE_OBJC_WEAK = YES;
				CLANG_WARN_BLOCK_CAPTURE_AUTORELEASING = YES;
				CLANG_WARN_BOOL_CONVERSION = YES;
				CLANG_WARN_COMMA = YES;
				CLANG_WARN_CONSTANT_CONVERSION = YES;
				CLANG_WARN_DEPRECATED_OBJC_IMPLEMENTATIONS = YES;
				CLANG_WARN_DIRECT_OBJC_ISA_USAGE = YES_ERROR;
				CLANG_WARN_DOCUMENTATION_COMMENTS = YES;
				CLANG_WARN_EMPTY_BODY = YES;
				CLANG_WARN_ENUM_CONVERSION = YES;
				CLANG_WARN_INFINITE_RECURSION = YES;
				CLANG_WARN_INT_CONVERSION = YES;
				CLANG_WARN_NON_LITERAL_NULL_CONVERSION = YES;
				CLANG_WARN_OBJC_IMPLICIT_RETAIN_SELF = YES;
				CLANG_WARN_OBJC_LITERAL_CONVERSION = YES;
				CLANG_WARN_OBJC_ROOT_CLASS = YES_ERROR;
				CLANG_WARN_QUOTED_INCLUDE_IN_FRAMEWORK_HEADER = YES;
				CLANG_WARN_RANGE_LOOP_ANALYSIS = YES;
				CLANG_WARN_STRICT_PROTOTYPES = YES;
				CLANG_WARN_SUSPICIOUS_MOVE = YES;
				CLANG_WARN_UNGUARDED_AVAILABILITY = YES_AGGRESSIVE;
				CLANG_WARN_UNREACHABLE_CODE = YES;
				CLANG_WARN__DUPLICATE_METHOD_MATCH = YES;
				COPY_PHASE_STRIP = NO;
				DEBUG_INFORMATION_FORMAT = dwarf;
				ENABLE_STRICT_OBJC_MSGSEND = YES;
				ENABLE_TESTABILITY = YES;
				GCC_C_LANGUAGE_STANDARD = gnu11;
				GCC_DYNAMIC_NO_PIC = NO;
				GCC_NO_COMMON_BLOCKS = YES;
				GCC_OPTIMIZATION_LEVEL = 0;
				GCC_PREPROCESSOR_DEFINITIONS = (
					"DEBUG=1",
					"$(inherited)",
				);
				GCC_WARN_64_TO_32_BIT_CONVERSION = YES;
				GCC_WARN_ABOUT_RETURN_TYPE = YES_ERROR;
				GCC_WARN_UNDECLARED_SELECTOR = YES;
				GCC_WARN_UNINITIALIZED_AUTOS = YES_AGGRESSIVE;
				GCC_WARN_UNUSED_FUNCTION = YES;
				GCC_WARN_UNUSED_VARIABLE = YES;
				IPHONEOS_DEPLOYMENT_TARGET = 16.2;
				MTL_ENABLE_DEBUG_INFO = INCLUDE_SOURCE;
				MTL_FAST_MATH = YES;
				ONLY_ACTIVE_ARCH = YES;
				SDKROOT = iphoneos;
				SWIFT_ACTIVE_COMPILATION_CONDITIONS = DEBUG;
				SWIFT_OPTIMIZATION_LEVEL = "-Onone";
			};
			name = Debug;
		};
		B04E138E29990F730055CA7F /* Release */ = {
			isa = XCBuildConfiguration;
			buildSettings = {
				ALWAYS_SEARCH_USER_PATHS = NO;
				CLANG_ANALYZER_NONNULL = YES;
				CLANG_ANALYZER_NUMBER_OBJECT_CONVERSION = YES_AGGRESSIVE;
				CLANG_CXX_LANGUAGE_STANDARD = "gnu++20";
				CLANG_ENABLE_MODULES = YES;
				CLANG_ENABLE_OBJC_ARC = YES;
				CLANG_ENABLE_OBJC_WEAK = YES;
				CLANG_WARN_BLOCK_CAPTURE_AUTORELEASING = YES;
				CLANG_WARN_BOOL_CONVERSION = YES;
				CLANG_WARN_COMMA = YES;
				CLANG_WARN_CONSTANT_CONVERSION = YES;
				CLANG_WARN_DEPRECATED_OBJC_IMPLEMENTATIONS = YES;
				CLANG_WARN_DIRECT_OBJC_ISA_USAGE = YES_ERROR;
				CLANG_WARN_DOCUMENTATION_COMMENTS = YES;
				CLANG_WARN_EMPTY_BODY = YES;
				CLANG_WARN_ENUM_CONVERSION = YES;
				CLANG_WARN_INFINITE_RECURSION = YES;
				CLANG_WARN_INT_CONVERSION = YES;
				CLANG_WARN_NON_LITERAL_NULL_CONVERSION = YES;
				CLANG_WARN_OBJC_IMPLICIT_RETAIN_SELF = YES;
				CLANG_WARN_OBJC_LITERAL_CONVERSION = YES;
				CLANG_WARN_OBJC_ROOT_CLASS = YES_ERROR;
				CLANG_WARN_QUOTED_INCLUDE_IN_FRAMEWORK_HEADER = YES;
				CLANG_WARN_RANGE_LOOP_ANALYSIS = YES;
				CLANG_WARN_STRICT_PROTOTYPES = YES;
				CLANG_WARN_SUSPICIOUS_MOVE = YES;
				CLANG_WARN_UNGUARDED_AVAILABILITY = YES_AGGRESSIVE;
				CLANG_WARN_UNREACHABLE_CODE = YES;
				CLANG_WARN__DUPLICATE_METHOD_MATCH = YES;
				COPY_PHASE_STRIP = NO;
				DEBUG_INFORMATION_FORMAT = "dwarf-with-dsym";
				ENABLE_NS_ASSERTIONS = NO;
				ENABLE_STRICT_OBJC_MSGSEND = YES;
				GCC_C_LANGUAGE_STANDARD = gnu11;
				GCC_NO_COMMON_BLOCKS = YES;
				GCC_WARN_64_TO_32_BIT_CONVERSION = YES;
				GCC_WARN_ABOUT_RETURN_TYPE = YES_ERROR;
				GCC_WARN_UNDECLARED_SELECTOR = YES;
				GCC_WARN_UNINITIALIZED_AUTOS = YES_AGGRESSIVE;
				GCC_WARN_UNUSED_FUNCTION = YES;
				GCC_WARN_UNUSED_VARIABLE = YES;
				IPHONEOS_DEPLOYMENT_TARGET = 16.2;
				MTL_ENABLE_DEBUG_INFO = NO;
				MTL_FAST_MATH = YES;
				SDKROOT = iphoneos;
				SWIFT_COMPILATION_MODE = wholemodule;
				SWIFT_OPTIMIZATION_LEVEL = "-O";
				VALIDATE_PRODUCT = YES;
			};
			name = Release;
		};
		B04E139029990F730055CA7F /* Debug */ = {
			isa = XCBuildConfiguration;
			buildSettings = {
				ASSETCATALOG_COMPILER_APPICON_NAME = AppIcon;
				ASSETCATALOG_COMPILER_GLOBAL_ACCENT_COLOR_NAME = AccentColor;
				CODE_SIGN_STYLE = Automatic;
				CURRENT_PROJECT_VERSION = 1;
				DEVELOPMENT_ASSET_PATHS = "\"MolkkyScoreBoard/Preview Content\"";
				DEVELOPMENT_TEAM = 3W722UE7AL;
				ENABLE_PREVIEWS = YES;
				GENERATE_INFOPLIST_FILE = YES;
				INFOPLIST_FILE = MolkkyScoreBoard/Info.plist;
				INFOPLIST_KEY_UIApplicationSupportsIndirectInputEvents = YES;
				INFOPLIST_KEY_UILaunchScreen_Generation = YES;
				INFOPLIST_KEY_UISupportedInterfaceOrientations_iPad = "UIInterfaceOrientationPortrait UIInterfaceOrientationPortraitUpsideDown UIInterfaceOrientationLandscapeLeft UIInterfaceOrientationLandscapeRight";
				INFOPLIST_KEY_UISupportedInterfaceOrientations_iPhone = "UIInterfaceOrientationPortrait UIInterfaceOrientationLandscapeLeft UIInterfaceOrientationLandscapeRight";
				INFOPLIST_KEY_UIUserInterfaceStyle = Light;
				LD_RUNPATH_SEARCH_PATHS = (
					"$(inherited)",
					"@executable_path/Frameworks",
				);
				MARKETING_VERSION = 1.0;
				PRODUCT_BUNDLE_IDENTIFIER = com.ta9yamakawa.MolkkyScoreBoard;
				PRODUCT_NAME = "$(TARGET_NAME)";
				SWIFT_EMIT_LOC_STRINGS = YES;
				SWIFT_VERSION = 5.0;
				TARGETED_DEVICE_FAMILY = "1,2";
			};
			name = Debug;
		};
		B04E139129990F730055CA7F /* Release */ = {
			isa = XCBuildConfiguration;
			buildSettings = {
				ASSETCATALOG_COMPILER_APPICON_NAME = AppIcon;
				ASSETCATALOG_COMPILER_GLOBAL_ACCENT_COLOR_NAME = AccentColor;
				CODE_SIGN_STYLE = Automatic;
				CURRENT_PROJECT_VERSION = 1;
				DEVELOPMENT_ASSET_PATHS = "\"MolkkyScoreBoard/Preview Content\"";
				DEVELOPMENT_TEAM = 3W722UE7AL;
				ENABLE_PREVIEWS = YES;
				GENERATE_INFOPLIST_FILE = YES;
				INFOPLIST_FILE = MolkkyScoreBoard/Info.plist;
				INFOPLIST_KEY_UIApplicationSupportsIndirectInputEvents = YES;
				INFOPLIST_KEY_UILaunchScreen_Generation = YES;
				INFOPLIST_KEY_UISupportedInterfaceOrientations_iPad = "UIInterfaceOrientationPortrait UIInterfaceOrientationPortraitUpsideDown UIInterfaceOrientationLandscapeLeft UIInterfaceOrientationLandscapeRight";
				INFOPLIST_KEY_UISupportedInterfaceOrientations_iPhone = "UIInterfaceOrientationPortrait UIInterfaceOrientationLandscapeLeft UIInterfaceOrientationLandscapeRight";
				INFOPLIST_KEY_UIUserInterfaceStyle = Light;
				LD_RUNPATH_SEARCH_PATHS = (
					"$(inherited)",
					"@executable_path/Frameworks",
				);
				MARKETING_VERSION = 1.0;
				PRODUCT_BUNDLE_IDENTIFIER = com.ta9yamakawa.MolkkyScoreBoard;
				PRODUCT_NAME = "$(TARGET_NAME)";
				SWIFT_EMIT_LOC_STRINGS = YES;
				SWIFT_VERSION = 5.0;
				TARGETED_DEVICE_FAMILY = "1,2";
			};
			name = Release;
		};
/* End XCBuildConfiguration section */

/* Begin XCConfigurationList section */
		B04E137C29990F710055CA7F /* Build configuration list for PBXProject "MolkkyScoreBoard" */ = {
			isa = XCConfigurationList;
			buildConfigurations = (
				B04E138D29990F730055CA7F /* Debug */,
				B04E138E29990F730055CA7F /* Release */,
			);
			defaultConfigurationIsVisible = 0;
			defaultConfigurationName = Release;
		};
		B04E138F29990F730055CA7F /* Build configuration list for PBXNativeTarget "MolkkyScoreBoard" */ = {
			isa = XCConfigurationList;
			buildConfigurations = (
				B04E139029990F730055CA7F /* Debug */,
				B04E139129990F730055CA7F /* Release */,
			);
			defaultConfigurationIsVisible = 0;
			defaultConfigurationName = Release;
		};
/* End XCConfigurationList section */

/* Begin XCRemoteSwiftPackageReference section */
		B04E1392299913E30055CA7F /* XCRemoteSwiftPackageReference "swift-composable-architecture" */ = {
			isa = XCRemoteSwiftPackageReference;
			repositoryURL = "https://github.com/pointfreeco/swift-composable-architecture";
			requirement = {
				kind = exactVersion;
				version = 0.50.3;
			};
		};
/* End XCRemoteSwiftPackageReference section */

/* Begin XCSwiftPackageProductDependency section */
		B04E1393299913E30055CA7F /* ComposableArchitecture */ = {
			isa = XCSwiftPackageProductDependency;
			package = B04E1392299913E30055CA7F /* XCRemoteSwiftPackageReference "swift-composable-architecture" */;
			productName = ComposableArchitecture;
		};
/* End XCSwiftPackageProductDependency section */
	};
	rootObject = B04E137929990F710055CA7F /* Project object */;
}
