// !$*UTF8*$!
{
	archiveVersion = 1;
	classes = {
	};
	objectVersion = 56;
	objects = {

/* Begin PBXBuildFile section */
		B016184C2A7FFF6100E8C6AE /* Settings.bundle in Resources */ = {isa = PBXBuildFile; fileRef = B016184B2A7FFF6100E8C6AE /* Settings.bundle */; };
		B01618552A8D18C000E8C6AE /* URLConstants.swift in Sources */ = {isa = PBXBuildFile; fileRef = B01618542A8D18C000E8C6AE /* URLConstants.swift */; };
		B01618582A8D245800E8C6AE /* UserDefaultsKeys.swift in Sources */ = {isa = PBXBuildFile; fileRef = B01618572A8D245800E8C6AE /* UserDefaultsKeys.swift */; };
		B016185B2A8D294300E8C6AE /* StoreReviewHandler.swift in Sources */ = {isa = PBXBuildFile; fileRef = B016185A2A8D294300E8C6AE /* StoreReviewHandler.swift */; };
		B016185D2A8D328700E8C6AE /* UserDefaultsInteger.swift in Sources */ = {isa = PBXBuildFile; fileRef = B016185C2A8D328700E8C6AE /* UserDefaultsInteger.swift */; };
		B02ED78029A26DFA0037B9DF /* Algorithms in Frameworks */ = {isa = PBXBuildFile; productRef = B02ED77F29A26DFA0037B9DF /* Algorithms */; };
		B02ED78229A3D22D0037B9DF /* TeamMemberCountEditButtonsView.swift in Sources */ = {isa = PBXBuildFile; fileRef = B02ED78129A3D22D0037B9DF /* TeamMemberCountEditButtonsView.swift */; };
		B02ED78629A5084F0037B9DF /* TeamsOrderEditView.swift in Sources */ = {isa = PBXBuildFile; fileRef = B02ED78529A5084F0037B9DF /* TeamsOrderEditView.swift */; };
		B02ED78929A510B10037B9DF /* TeamsOrderEditFeature.swift in Sources */ = {isa = PBXBuildFile; fileRef = B02ED78829A510B10037B9DF /* TeamsOrderEditFeature.swift */; };
		B038DE3129B8EC4C0030276E /* TeamScoresRowsView.swift in Sources */ = {isa = PBXBuildFile; fileRef = B038DE3029B8EC4C0030276E /* TeamScoresRowsView.swift */; };
		B038DE3329B8F1F70030276E /* TeamScoresRowView.swift in Sources */ = {isa = PBXBuildFile; fileRef = B038DE3229B8F1F70030276E /* TeamScoresRowView.swift */; };
		B038DE3629BA38990030276E /* TeamsMock.swift in Sources */ = {isa = PBXBuildFile; fileRef = B038DE3529BA38990030276E /* TeamsMock.swift */; };
		B038DE3829BC84A50030276E /* TeamScore.swift in Sources */ = {isa = PBXBuildFile; fileRef = B038DE3729BC84A50030276E /* TeamScore.swift */; };
		B04E138929990F730055CA7F /* Assets.xcassets in Resources */ = {isa = PBXBuildFile; fileRef = B04E138829990F730055CA7F /* Assets.xcassets */; };
		B04E138C29990F730055CA7F /* Preview Assets.xcassets in Resources */ = {isa = PBXBuildFile; fileRef = B04E138B29990F730055CA7F /* Preview Assets.xcassets */; };
		B04E1394299913E30055CA7F /* ComposableArchitecture in Frameworks */ = {isa = PBXBuildFile; productRef = B04E1393299913E30055CA7F /* ComposableArchitecture */; };
		B04E13972999155C0055CA7F /* HomeTabView.swift in Sources */ = {isa = PBXBuildFile; fileRef = B04E13962999155C0055CA7F /* HomeTabView.swift */; };
		B04E139E299917FD0055CA7F /* StartMenuView.swift in Sources */ = {isa = PBXBuildFile; fileRef = B04E139D299917FD0055CA7F /* StartMenuView.swift */; };
		B04E13A0299918120055CA7F /* InformationView.swift in Sources */ = {isa = PBXBuildFile; fileRef = B04E139F299918120055CA7F /* InformationView.swift */; };
		B04E13A4299BF1540055CA7F /* NavigationViewAppearance.swift in Sources */ = {isa = PBXBuildFile; fileRef = B04E13A3299BF1540055CA7F /* NavigationViewAppearance.swift */; };
		B04E13A6299D343D0055CA7F /* TeamSelectButtonView.swift in Sources */ = {isa = PBXBuildFile; fileRef = B04E13A5299D343D0055CA7F /* TeamSelectButtonView.swift */; };
		B04E13A9299D39920055CA7F /* TeamsMakeView.swift in Sources */ = {isa = PBXBuildFile; fileRef = B04E13A8299D39920055CA7F /* TeamsMakeView.swift */; };
		B0532B1029BF7215003D4568 /* PlayActionUndoManager.swift in Sources */ = {isa = PBXBuildFile; fileRef = B0532B0F29BF7215003D4568 /* PlayActionUndoManager.swift */; };
		B0532B1229BF769B003D4568 /* PlayAction.swift in Sources */ = {isa = PBXBuildFile; fileRef = B0532B1129BF769B003D4568 /* PlayAction.swift */; };
		B064DCFF29D7698C009AE6A2 /* InvalidTeamIndex.swift in Sources */ = {isa = PBXBuildFile; fileRef = B064DCFE29D7698C009AE6A2 /* InvalidTeamIndex.swift */; };
		B064DD0129D9D549009AE6A2 /* TeamMembersMakeView.swift in Sources */ = {isa = PBXBuildFile; fileRef = B064DD0029D9D549009AE6A2 /* TeamMembersMakeView.swift */; };
		B064DD0329D9D99E009AE6A2 /* NameFormsView.swift in Sources */ = {isa = PBXBuildFile; fileRef = B064DD0229D9D99E009AE6A2 /* NameFormsView.swift */; };
		B064DD0529DB3F84009AE6A2 /* NameValidationResult.swift in Sources */ = {isa = PBXBuildFile; fileRef = B064DD0429DB3F84009AE6A2 /* NameValidationResult.swift */; };
		B064DD0C29DDE068009AE6A2 /* AppVersion.swift in Sources */ = {isa = PBXBuildFile; fileRef = B064DD0B29DDE068009AE6A2 /* AppVersion.swift */; };
		B06E162229FE70D000ADFC2F /* IntroductionTextView.swift in Sources */ = {isa = PBXBuildFile; fileRef = B06E162129FE70D000ADFC2F /* IntroductionTextView.swift */; };
		B06E16262A0409B200ADFC2F /* HomeTabViewController.swift in Sources */ = {isa = PBXBuildFile; fileRef = B06E16252A0409B200ADFC2F /* HomeTabViewController.swift */; };
		B06E16282A040D7000ADFC2F /* AppDelegate.swift in Sources */ = {isa = PBXBuildFile; fileRef = B06E16272A040D7000ADFC2F /* AppDelegate.swift */; };
		B08A671529D4AA160073D63B /* DestinationType.swift in Sources */ = {isa = PBXBuildFile; fileRef = B08A671429D4AA160073D63B /* DestinationType.swift */; };
		B08A671729D4B2400073D63B /* PageRouter.swift in Sources */ = {isa = PBXBuildFile; fileRef = B08A671629D4B2400073D63B /* PageRouter.swift */; };
		B08A671A29D75F810073D63B /* Validator.swift in Sources */ = {isa = PBXBuildFile; fileRef = B08A671929D75F810073D63B /* Validator.swift */; };
		B08A671E29D760A70073D63B /* NameValidator.swift in Sources */ = {isa = PBXBuildFile; fileRef = B08A671D29D760A70073D63B /* NameValidator.swift */; };
		B08AF48229E1654D00BDB776 /* WrappedWebView.swift in Sources */ = {isa = PBXBuildFile; fileRef = B08AF48129E1654D00BDB776 /* WrappedWebView.swift */; };
		B08AF48629E4826B00BDB776 /* ParentWebView.swift in Sources */ = {isa = PBXBuildFile; fileRef = B08AF48529E4826B00BDB776 /* ParentWebView.swift */; };
		B08AF48E29E5D43400BDB776 /* ParentWebViewModel.swift in Sources */ = {isa = PBXBuildFile; fileRef = B08AF48D29E5D43400BDB776 /* ParentWebViewModel.swift */; };
		B08AF49029E7294A00BDB776 /* SpecialThanksView.swift in Sources */ = {isa = PBXBuildFile; fileRef = B08AF48F29E7294A00BDB776 /* SpecialThanksView.swift */; };
		B08AF49429E72A3400BDB776 /* SpecialThanksRole.swift in Sources */ = {isa = PBXBuildFile; fileRef = B08AF49329E72A3400BDB776 /* SpecialThanksRole.swift */; };
		B08AF49629E996D100BDB776 /* Color.xcassets in Resources */ = {isa = PBXBuildFile; fileRef = B08AF49529E996D100BDB776 /* Color.xcassets */; };
		B08AF49829E99D2400BDB776 /* AppColor.swift in Sources */ = {isa = PBXBuildFile; fileRef = B08AF49729E99D2400BDB776 /* AppColor.swift */; };
		B08AF49A29E9A0CF00BDB776 /* TabViewAppearance.swift in Sources */ = {isa = PBXBuildFile; fileRef = B08AF49929E9A0CF00BDB776 /* TabViewAppearance.swift */; };
		B0A475A229A516CE003485B1 /* OrderingTeamView.swift in Sources */ = {isa = PBXBuildFile; fileRef = B0A475A129A516CE003485B1 /* OrderingTeamView.swift */; };
		B0AEE9D2299E963A0026AA42 /* TeamsMakeFeature.swift in Sources */ = {isa = PBXBuildFile; fileRef = B0AEE9D1299E963A0026AA42 /* TeamsMakeFeature.swift */; };
		B0AEE9D4299E96CD0026AA42 /* Team.swift in Sources */ = {isa = PBXBuildFile; fileRef = B0AEE9D3299E96CD0026AA42 /* Team.swift */; };
		B0AEE9D6299E974F0026AA42 /* TeamMember.swift in Sources */ = {isa = PBXBuildFile; fileRef = B0AEE9D5299E974F0026AA42 /* TeamMember.swift */; };
		B0CF124629C765FB0061E9C3 /* ResultView.swift in Sources */ = {isa = PBXBuildFile; fileRef = B0CF124529C765FB0061E9C3 /* ResultView.swift */; };
		B0CF124829C766160061E9C3 /* ResultFeature.swift in Sources */ = {isa = PBXBuildFile; fileRef = B0CF124729C766160061E9C3 /* ResultFeature.swift */; };
		B0CF124A29C8CEFD0061E9C3 /* ResultButtonsView.swift in Sources */ = {isa = PBXBuildFile; fileRef = B0CF124929C8CEFD0061E9C3 /* ResultButtonsView.swift */; };
		B0CF125629CA867D0061E9C3 /* ResultTeamsView.swift in Sources */ = {isa = PBXBuildFile; fileRef = B0CF125529CA867D0061E9C3 /* ResultTeamsView.swift */; };
		B0CF125929CB60320061E9C3 /* ResultTeamView.swift in Sources */ = {isa = PBXBuildFile; fileRef = B0CF125829CB60320061E9C3 /* ResultTeamView.swift */; };
		B0DB1BA429D35B06004F09F7 /* DestinationHolderView.swift in Sources */ = {isa = PBXBuildFile; fileRef = B0DB1BA329D35B06004F09F7 /* DestinationHolderView.swift */; };
		B0DE7F5B29AFA9EE00B30CC0 /* MolkkyPlayView.swift in Sources */ = {isa = PBXBuildFile; fileRef = B0DE7F5A29AFA9EE00B30CC0 /* MolkkyPlayView.swift */; };
		B0DE7F5D29AFAA0900B30CC0 /* MolkkyPlayFeature.swift in Sources */ = {isa = PBXBuildFile; fileRef = B0DE7F5C29AFAA0900B30CC0 /* MolkkyPlayFeature.swift */; };
		B0DE7F5F29B0F9A100B30CC0 /* SkittleView.swift in Sources */ = {isa = PBXBuildFile; fileRef = B0DE7F5E29B0F9A100B30CC0 /* SkittleView.swift */; };
		B0DE7F6129B0FBC500B30CC0 /* SkittlesView.swift in Sources */ = {isa = PBXBuildFile; fileRef = B0DE7F6029B0FBC500B30CC0 /* SkittlesView.swift */; };
		B0DE7F6329B0FE2D00B30CC0 /* PlayingButtonsView.swift in Sources */ = {isa = PBXBuildFile; fileRef = B0DE7F6229B0FE2D00B30CC0 /* PlayingButtonsView.swift */; };
		B0DE7F6529B102E200B30CC0 /* TeamScoresView.swift in Sources */ = {isa = PBXBuildFile; fileRef = B0DE7F6429B102E200B30CC0 /* TeamScoresView.swift */; };
		B0DE7F6729B37EEC00B30CC0 /* TeamScoresTitleView.swift in Sources */ = {isa = PBXBuildFile; fileRef = B0DE7F6629B37EEC00B30CC0 /* TeamScoresTitleView.swift */; };
		B0DE7F6A29B38F7D00B30CC0 /* Skittle.swift in Sources */ = {isa = PBXBuildFile; fileRef = B0DE7F6929B38F7D00B30CC0 /* Skittle.swift */; };
/* End PBXBuildFile section */

/* Begin PBXFileReference section */
		B016184B2A7FFF6100E8C6AE /* Settings.bundle */ = {isa = PBXFileReference; lastKnownFileType = "wrapper.plug-in"; path = Settings.bundle; sourceTree = "<group>"; };
		B01618542A8D18C000E8C6AE /* URLConstants.swift */ = {isa = PBXFileReference; lastKnownFileType = sourcecode.swift; path = URLConstants.swift; sourceTree = "<group>"; };
		B01618572A8D245800E8C6AE /* UserDefaultsKeys.swift */ = {isa = PBXFileReference; lastKnownFileType = sourcecode.swift; path = UserDefaultsKeys.swift; sourceTree = "<group>"; };
		B016185A2A8D294300E8C6AE /* StoreReviewHandler.swift */ = {isa = PBXFileReference; lastKnownFileType = sourcecode.swift; path = StoreReviewHandler.swift; sourceTree = "<group>"; };
		B016185C2A8D328700E8C6AE /* UserDefaultsInteger.swift */ = {isa = PBXFileReference; lastKnownFileType = sourcecode.swift; path = UserDefaultsInteger.swift; sourceTree = "<group>"; };
		B02ED78129A3D22D0037B9DF /* TeamMemberCountEditButtonsView.swift */ = {isa = PBXFileReference; lastKnownFileType = sourcecode.swift; path = TeamMemberCountEditButtonsView.swift; sourceTree = "<group>"; };
		B02ED78529A5084F0037B9DF /* TeamsOrderEditView.swift */ = {isa = PBXFileReference; lastKnownFileType = sourcecode.swift; path = TeamsOrderEditView.swift; sourceTree = "<group>"; };
		B02ED78829A510B10037B9DF /* TeamsOrderEditFeature.swift */ = {isa = PBXFileReference; lastKnownFileType = sourcecode.swift; path = TeamsOrderEditFeature.swift; sourceTree = "<group>"; };
		B038DE3029B8EC4C0030276E /* TeamScoresRowsView.swift */ = {isa = PBXFileReference; lastKnownFileType = sourcecode.swift; path = TeamScoresRowsView.swift; sourceTree = "<group>"; };
		B038DE3229B8F1F70030276E /* TeamScoresRowView.swift */ = {isa = PBXFileReference; lastKnownFileType = sourcecode.swift; path = TeamScoresRowView.swift; sourceTree = "<group>"; };
		B038DE3529BA38990030276E /* TeamsMock.swift */ = {isa = PBXFileReference; lastKnownFileType = sourcecode.swift; path = TeamsMock.swift; sourceTree = "<group>"; };
		B038DE3729BC84A50030276E /* TeamScore.swift */ = {isa = PBXFileReference; lastKnownFileType = sourcecode.swift; path = TeamScore.swift; sourceTree = "<group>"; };
		B04E138129990F710055CA7F /* MolkkyScoreBoard.app */ = {isa = PBXFileReference; explicitFileType = wrapper.application; includeInIndex = 0; path = MolkkyScoreBoard.app; sourceTree = BUILT_PRODUCTS_DIR; };
		B04E138829990F730055CA7F /* Assets.xcassets */ = {isa = PBXFileReference; lastKnownFileType = folder.assetcatalog; path = Assets.xcassets; sourceTree = "<group>"; };
		B04E138B29990F730055CA7F /* Preview Assets.xcassets */ = {isa = PBXFileReference; lastKnownFileType = folder.assetcatalog; path = "Preview Assets.xcassets"; sourceTree = "<group>"; };
		B04E13962999155C0055CA7F /* HomeTabView.swift */ = {isa = PBXFileReference; lastKnownFileType = sourcecode.swift; path = HomeTabView.swift; sourceTree = "<group>"; };
		B04E13982999162A0055CA7F /* Info.plist */ = {isa = PBXFileReference; lastKnownFileType = text.plist; path = Info.plist; sourceTree = "<group>"; };
		B04E139D299917FD0055CA7F /* StartMenuView.swift */ = {isa = PBXFileReference; lastKnownFileType = sourcecode.swift; path = StartMenuView.swift; sourceTree = "<group>"; };
		B04E139F299918120055CA7F /* InformationView.swift */ = {isa = PBXFileReference; lastKnownFileType = sourcecode.swift; path = InformationView.swift; sourceTree = "<group>"; };
		B04E13A3299BF1540055CA7F /* NavigationViewAppearance.swift */ = {isa = PBXFileReference; lastKnownFileType = sourcecode.swift; path = NavigationViewAppearance.swift; sourceTree = "<group>"; };
		B04E13A5299D343D0055CA7F /* TeamSelectButtonView.swift */ = {isa = PBXFileReference; lastKnownFileType = sourcecode.swift; path = TeamSelectButtonView.swift; sourceTree = "<group>"; };
		B04E13A8299D39920055CA7F /* TeamsMakeView.swift */ = {isa = PBXFileReference; lastKnownFileType = sourcecode.swift; path = TeamsMakeView.swift; sourceTree = "<group>"; };
		B0532B0F29BF7215003D4568 /* PlayActionUndoManager.swift */ = {isa = PBXFileReference; lastKnownFileType = sourcecode.swift; path = PlayActionUndoManager.swift; sourceTree = "<group>"; };
		B0532B1129BF769B003D4568 /* PlayAction.swift */ = {isa = PBXFileReference; lastKnownFileType = sourcecode.swift; path = PlayAction.swift; sourceTree = "<group>"; };
		B064DCFE29D7698C009AE6A2 /* InvalidTeamIndex.swift */ = {isa = PBXFileReference; lastKnownFileType = sourcecode.swift; path = InvalidTeamIndex.swift; sourceTree = "<group>"; };
		B064DD0029D9D549009AE6A2 /* TeamMembersMakeView.swift */ = {isa = PBXFileReference; lastKnownFileType = sourcecode.swift; path = TeamMembersMakeView.swift; sourceTree = "<group>"; };
		B064DD0229D9D99E009AE6A2 /* NameFormsView.swift */ = {isa = PBXFileReference; lastKnownFileType = sourcecode.swift; path = NameFormsView.swift; sourceTree = "<group>"; };
		B064DD0429DB3F84009AE6A2 /* NameValidationResult.swift */ = {isa = PBXFileReference; lastKnownFileType = sourcecode.swift; path = NameValidationResult.swift; sourceTree = "<group>"; };
		B064DD0B29DDE068009AE6A2 /* AppVersion.swift */ = {isa = PBXFileReference; lastKnownFileType = sourcecode.swift; path = AppVersion.swift; sourceTree = "<group>"; };
		B06E162129FE70D000ADFC2F /* IntroductionTextView.swift */ = {isa = PBXFileReference; lastKnownFileType = sourcecode.swift; path = IntroductionTextView.swift; sourceTree = "<group>"; };
		B06E16252A0409B200ADFC2F /* HomeTabViewController.swift */ = {isa = PBXFileReference; lastKnownFileType = sourcecode.swift; path = HomeTabViewController.swift; sourceTree = "<group>"; };
		B06E16272A040D7000ADFC2F /* AppDelegate.swift */ = {isa = PBXFileReference; lastKnownFileType = sourcecode.swift; path = AppDelegate.swift; sourceTree = "<group>"; };
		B08A671429D4AA160073D63B /* DestinationType.swift */ = {isa = PBXFileReference; lastKnownFileType = sourcecode.swift; path = DestinationType.swift; sourceTree = "<group>"; };
		B08A671629D4B2400073D63B /* PageRouter.swift */ = {isa = PBXFileReference; lastKnownFileType = sourcecode.swift; path = PageRouter.swift; sourceTree = "<group>"; };
		B08A671929D75F810073D63B /* Validator.swift */ = {isa = PBXFileReference; lastKnownFileType = sourcecode.swift; path = Validator.swift; sourceTree = "<group>"; };
		B08A671D29D760A70073D63B /* NameValidator.swift */ = {isa = PBXFileReference; lastKnownFileType = sourcecode.swift; path = NameValidator.swift; sourceTree = "<group>"; };
		B08AF48129E1654D00BDB776 /* WrappedWebView.swift */ = {isa = PBXFileReference; lastKnownFileType = sourcecode.swift; path = WrappedWebView.swift; sourceTree = "<group>"; };
		B08AF48529E4826B00BDB776 /* ParentWebView.swift */ = {isa = PBXFileReference; lastKnownFileType = sourcecode.swift; path = ParentWebView.swift; sourceTree = "<group>"; };
		B08AF48D29E5D43400BDB776 /* ParentWebViewModel.swift */ = {isa = PBXFileReference; lastKnownFileType = sourcecode.swift; path = ParentWebViewModel.swift; sourceTree = "<group>"; };
		B08AF48F29E7294A00BDB776 /* SpecialThanksView.swift */ = {isa = PBXFileReference; lastKnownFileType = sourcecode.swift; path = SpecialThanksView.swift; sourceTree = "<group>"; };
		B08AF49329E72A3400BDB776 /* SpecialThanksRole.swift */ = {isa = PBXFileReference; lastKnownFileType = sourcecode.swift; path = SpecialThanksRole.swift; sourceTree = "<group>"; };
		B08AF49529E996D100BDB776 /* Color.xcassets */ = {isa = PBXFileReference; lastKnownFileType = folder.assetcatalog; path = Color.xcassets; sourceTree = "<group>"; };
		B08AF49729E99D2400BDB776 /* AppColor.swift */ = {isa = PBXFileReference; lastKnownFileType = sourcecode.swift; path = AppColor.swift; sourceTree = "<group>"; };
		B08AF49929E9A0CF00BDB776 /* TabViewAppearance.swift */ = {isa = PBXFileReference; lastKnownFileType = sourcecode.swift; path = TabViewAppearance.swift; sourceTree = "<group>"; };
		B0A475A129A516CE003485B1 /* OrderingTeamView.swift */ = {isa = PBXFileReference; lastKnownFileType = sourcecode.swift; path = OrderingTeamView.swift; sourceTree = "<group>"; };
		B0AEE9D1299E963A0026AA42 /* TeamsMakeFeature.swift */ = {isa = PBXFileReference; lastKnownFileType = sourcecode.swift; path = TeamsMakeFeature.swift; sourceTree = "<group>"; };
		B0AEE9D3299E96CD0026AA42 /* Team.swift */ = {isa = PBXFileReference; lastKnownFileType = sourcecode.swift; path = Team.swift; sourceTree = "<group>"; };
		B0AEE9D5299E974F0026AA42 /* TeamMember.swift */ = {isa = PBXFileReference; lastKnownFileType = sourcecode.swift; path = TeamMember.swift; sourceTree = "<group>"; };
		B0CF124529C765FB0061E9C3 /* ResultView.swift */ = {isa = PBXFileReference; lastKnownFileType = sourcecode.swift; path = ResultView.swift; sourceTree = "<group>"; };
		B0CF124729C766160061E9C3 /* ResultFeature.swift */ = {isa = PBXFileReference; lastKnownFileType = sourcecode.swift; path = ResultFeature.swift; sourceTree = "<group>"; };
		B0CF124929C8CEFD0061E9C3 /* ResultButtonsView.swift */ = {isa = PBXFileReference; lastKnownFileType = sourcecode.swift; path = ResultButtonsView.swift; sourceTree = "<group>"; };
		B0CF125529CA867D0061E9C3 /* ResultTeamsView.swift */ = {isa = PBXFileReference; lastKnownFileType = sourcecode.swift; path = ResultTeamsView.swift; sourceTree = "<group>"; };
		B0CF125829CB60320061E9C3 /* ResultTeamView.swift */ = {isa = PBXFileReference; lastKnownFileType = sourcecode.swift; path = ResultTeamView.swift; sourceTree = "<group>"; };
		B0DB1BA329D35B06004F09F7 /* DestinationHolderView.swift */ = {isa = PBXFileReference; lastKnownFileType = sourcecode.swift; path = DestinationHolderView.swift; sourceTree = "<group>"; };
		B0DE7F5A29AFA9EE00B30CC0 /* MolkkyPlayView.swift */ = {isa = PBXFileReference; lastKnownFileType = sourcecode.swift; path = MolkkyPlayView.swift; sourceTree = "<group>"; };
		B0DE7F5C29AFAA0900B30CC0 /* MolkkyPlayFeature.swift */ = {isa = PBXFileReference; lastKnownFileType = sourcecode.swift; path = MolkkyPlayFeature.swift; sourceTree = "<group>"; };
		B0DE7F5E29B0F9A100B30CC0 /* SkittleView.swift */ = {isa = PBXFileReference; lastKnownFileType = sourcecode.swift; path = SkittleView.swift; sourceTree = "<group>"; };
		B0DE7F6029B0FBC500B30CC0 /* SkittlesView.swift */ = {isa = PBXFileReference; lastKnownFileType = sourcecode.swift; path = SkittlesView.swift; sourceTree = "<group>"; };
		B0DE7F6229B0FE2D00B30CC0 /* PlayingButtonsView.swift */ = {isa = PBXFileReference; lastKnownFileType = sourcecode.swift; path = PlayingButtonsView.swift; sourceTree = "<group>"; };
		B0DE7F6429B102E200B30CC0 /* TeamScoresView.swift */ = {isa = PBXFileReference; lastKnownFileType = sourcecode.swift; path = TeamScoresView.swift; sourceTree = "<group>"; };
		B0DE7F6629B37EEC00B30CC0 /* TeamScoresTitleView.swift */ = {isa = PBXFileReference; lastKnownFileType = sourcecode.swift; path = TeamScoresTitleView.swift; sourceTree = "<group>"; };
		B0DE7F6929B38F7D00B30CC0 /* Skittle.swift */ = {isa = PBXFileReference; lastKnownFileType = sourcecode.swift; path = Skittle.swift; sourceTree = "<group>"; };
/* End PBXFileReference section */

/* Begin PBXFrameworksBuildPhase section */
		B04E137E29990F710055CA7F /* Frameworks */ = {
			isa = PBXFrameworksBuildPhase;
			buildActionMask = 2147483647;
			files = (
				B02ED78029A26DFA0037B9DF /* Algorithms in Frameworks */,
				B04E1394299913E30055CA7F /* ComposableArchitecture in Frameworks */,
			);
			runOnlyForDeploymentPostprocessing = 0;
		};
/* End PBXFrameworksBuildPhase section */

/* Begin PBXGroup section */
		B01618532A8D18B100E8C6AE /* URL */ = {
			isa = PBXGroup;
			children = (
				B01618542A8D18C000E8C6AE /* URLConstants.swift */,
			);
			path = URL;
			sourceTree = "<group>";
		};
		B01618562A8D244000E8C6AE /* UserDefaults */ = {
			isa = PBXGroup;
			children = (
				B016185C2A8D328700E8C6AE /* UserDefaultsInteger.swift */,
				B01618572A8D245800E8C6AE /* UserDefaultsKeys.swift */,
			);
			path = UserDefaults;
			sourceTree = "<group>";
		};
		B01618592A8D276D00E8C6AE /* StoreReview */ = {
			isa = PBXGroup;
			children = (
				B016185A2A8D294300E8C6AE /* StoreReviewHandler.swift */,
			);
			path = StoreReview;
			sourceTree = "<group>";
		};
		B02ED78329A507A80037B9DF /* Model */ = {
			isa = PBXGroup;
			children = (
				B064DCFE29D7698C009AE6A2 /* InvalidTeamIndex.swift */,
				B0532B1129BF769B003D4568 /* PlayAction.swift */,
				B0DE7F6929B38F7D00B30CC0 /* Skittle.swift */,
				B0AEE9D3299E96CD0026AA42 /* Team.swift */,
				B0AEE9D5299E974F0026AA42 /* TeamMember.swift */,
				B038DE3729BC84A50030276E /* TeamScore.swift */,
				B08A671829D75F6A0073D63B /* Validators */,
			);
			path = Model;
			sourceTree = "<group>";
		};
		B02ED78429A508300037B9DF /* TeamsOrderEdit */ = {
			isa = PBXGroup;
			children = (
				B02ED78829A510B10037B9DF /* TeamsOrderEditFeature.swift */,
				B0A475A329A51AED003485B1 /* Views */,
			);
			path = TeamsOrderEdit;
			sourceTree = "<group>";
		};
		B02ED78729A5103F0037B9DF /* Views */ = {
			isa = PBXGroup;
			children = (
				B064DD0229D9D99E009AE6A2 /* NameFormsView.swift */,
				B02ED78129A3D22D0037B9DF /* TeamMemberCountEditButtonsView.swift */,
				B064DD0029D9D549009AE6A2 /* TeamMembersMakeView.swift */,
				B04E13A8299D39920055CA7F /* TeamsMakeView.swift */,
			);
			name = Views;
			sourceTree = "<group>";
		};
		B038DE2C29B8EB9A0030276E /* Upper */ = {
			isa = PBXGroup;
			children = (
				B0DE7F6229B0FE2D00B30CC0 /* PlayingButtonsView.swift */,
				B0DE7F6029B0FBC500B30CC0 /* SkittlesView.swift */,
				B0DE7F5E29B0F9A100B30CC0 /* SkittleView.swift */,
			);
			path = Upper;
			sourceTree = "<group>";
		};
		B038DE2D29B8EBA30030276E /* Lower */ = {
			isa = PBXGroup;
			children = (
				B038DE3029B8EC4C0030276E /* TeamScoresRowsView.swift */,
				B038DE3229B8F1F70030276E /* TeamScoresRowView.swift */,
				B0DE7F6629B37EEC00B30CC0 /* TeamScoresTitleView.swift */,
				B0DE7F6429B102E200B30CC0 /* TeamScoresView.swift */,
			);
			path = Lower;
			sourceTree = "<group>";
		};
		B038DE3429BA38850030276E /* Mock */ = {
			isa = PBXGroup;
			children = (
				B038DE3529BA38990030276E /* TeamsMock.swift */,
			);
			path = Mock;
			sourceTree = "<group>";
		};
		B04E137829990F710055CA7F = {
			isa = PBXGroup;
			children = (
				B04E138329990F710055CA7F /* MolkkyScoreBoard */,
				B04E138229990F710055CA7F /* Products */,
			);
			sourceTree = "<group>";
		};
		B04E138229990F710055CA7F /* Products */ = {
			isa = PBXGroup;
			children = (
				B04E138129990F710055CA7F /* MolkkyScoreBoard.app */,
			);
			name = Products;
			sourceTree = "<group>";
		};
		B04E138329990F710055CA7F /* MolkkyScoreBoard */ = {
			isa = PBXGroup;
			children = (
				B04E138829990F730055CA7F /* Assets.xcassets */,
				B08AF49529E996D100BDB776 /* Color.xcassets */,
				B04E13982999162A0055CA7F /* Info.plist */,
				B0532B0E29BF71FB003D4568 /* Manager */,
				B038DE3429BA38850030276E /* Mock */,
				B02ED78329A507A80037B9DF /* Model */,
				B04E138A29990F730055CA7F /* Preview Content */,
				B016184B2A7FFF6100E8C6AE /* Settings.bundle */,
				B04E139C299917A80055CA7F /* UI */,
				B064DD0A29DDE00F009AE6A2 /* Utils */,
			);
			path = MolkkyScoreBoard;
			sourceTree = "<group>";
		};
		B04E138A29990F730055CA7F /* Preview Content */ = {
			isa = PBXGroup;
			children = (
				B04E138B29990F730055CA7F /* Preview Assets.xcassets */,
			);
			path = "Preview Content";
			sourceTree = "<group>";
		};
		B04E1399299917540055CA7F /* StartMenu */ = {
			isa = PBXGroup;
			children = (
				B04E139D299917FD0055CA7F /* StartMenuView.swift */,
				B04E13A5299D343D0055CA7F /* TeamSelectButtonView.swift */,
			);
			path = StartMenu;
			sourceTree = "<group>";
		};
		B04E139A299917700055CA7F /* Information */ = {
			isa = PBXGroup;
			children = (
				B04E139F299918120055CA7F /* InformationView.swift */,
				B08AF49329E72A3400BDB776 /* SpecialThanksRole.swift */,
				B08AF48F29E7294A00BDB776 /* SpecialThanksView.swift */,
			);
			path = Information;
			sourceTree = "<group>";
		};
		B04E139C299917A80055CA7F /* UI */ = {
			isa = PBXGroup;
			children = (
				B04E13A2299BF12C0055CA7F /* Common */,
				B04E13A12999186E0055CA7F /* Home */,
				B04E139A299917700055CA7F /* Information */,
				B0DE7F5929AFA9D400B30CC0 /* MolkkyPlay */,
				B0CF124429C765D60061E9C3 /* Result */,
				B04E1399299917540055CA7F /* StartMenu */,
				B04E13A7299D38DA0055CA7F /* TeamMake */,
				B02ED78429A508300037B9DF /* TeamsOrderEdit */,
			);
			path = UI;
			sourceTree = "<group>";
		};
		B04E13A12999186E0055CA7F /* Home */ = {
			isa = PBXGroup;
			children = (
				B04E13962999155C0055CA7F /* HomeTabView.swift */,
				B06E16252A0409B200ADFC2F /* HomeTabViewController.swift */,
			);
			path = Home;
			sourceTree = "<group>";
		};
		B04E13A2299BF12C0055CA7F /* Common */ = {
			isa = PBXGroup;
			children = (
				B04E13A3299BF1540055CA7F /* NavigationViewAppearance.swift */,
				B08A671329D4A9F20073D63B /* Router */,
				B08AF49929E9A0CF00BDB776 /* TabViewAppearance.swift */,
				B08AF48029E1653D00BDB776 /* WebView */,
				B06E162129FE70D000ADFC2F /* IntroductionTextView.swift */,
			);
			path = Common;
			sourceTree = "<group>";
		};
		B04E13A7299D38DA0055CA7F /* TeamMake */ = {
			isa = PBXGroup;
			children = (
				B0AEE9D1299E963A0026AA42 /* TeamsMakeFeature.swift */,
				B02ED78729A5103F0037B9DF /* Views */,
			);
			path = TeamMake;
			sourceTree = "<group>";
		};
		B0532B0E29BF71FB003D4568 /* Manager */ = {
			isa = PBXGroup;
			children = (
				B0532B0F29BF7215003D4568 /* PlayActionUndoManager.swift */,
			);
			path = Manager;
			sourceTree = "<group>";
		};
		B064DD0A29DDE00F009AE6A2 /* Utils */ = {
			isa = PBXGroup;
			children = (
				B08AF49729E99D2400BDB776 /* AppColor.swift */,
				B06E16272A040D7000ADFC2F /* AppDelegate.swift */,
				B064DD0B29DDE068009AE6A2 /* AppVersion.swift */,
				B01618592A8D276D00E8C6AE /* StoreReview */,
				B01618532A8D18B100E8C6AE /* URL */,
				B01618562A8D244000E8C6AE /* UserDefaults */,
			);
			path = Utils;
			sourceTree = "<group>";
		};
		B08A671329D4A9F20073D63B /* Router */ = {
			isa = PBXGroup;
			children = (
				B0DB1BA329D35B06004F09F7 /* DestinationHolderView.swift */,
				B08A671429D4AA160073D63B /* DestinationType.swift */,
				B08A671629D4B2400073D63B /* PageRouter.swift */,
			);
			name = Router;
			sourceTree = "<group>";
		};
		B08A671829D75F6A0073D63B /* Validators */ = {
			isa = PBXGroup;
			children = (
				B064DD0429DB3F84009AE6A2 /* NameValidationResult.swift */,
				B08A671D29D760A70073D63B /* NameValidator.swift */,
				B08A672129D764AA0073D63B /* Protocols */,
			);
			path = Validators;
			sourceTree = "<group>";
		};
		B08A672129D764AA0073D63B /* Protocols */ = {
			isa = PBXGroup;
			children = (
				B08A671929D75F810073D63B /* Validator.swift */,
			);
			path = Protocols;
			sourceTree = "<group>";
		};
		B08AF48029E1653D00BDB776 /* WebView */ = {
			isa = PBXGroup;
			children = (
				B08AF48529E4826B00BDB776 /* ParentWebView.swift */,
				B08AF48D29E5D43400BDB776 /* ParentWebViewModel.swift */,
				B08AF48129E1654D00BDB776 /* WrappedWebView.swift */,
			);
			name = WebView;
			sourceTree = "<group>";
		};
		B0A475A329A51AED003485B1 /* Views */ = {
			isa = PBXGroup;
			children = (
				B0A475A129A516CE003485B1 /* OrderingTeamView.swift */,
				B02ED78529A5084F0037B9DF /* TeamsOrderEditView.swift */,
			);
			path = Views;
			sourceTree = "<group>";
		};
		B0CF124429C765D60061E9C3 /* Result */ = {
			isa = PBXGroup;
			children = (
				B0CF124729C766160061E9C3 /* ResultFeature.swift */,
				B0CF125729CA86830061E9C3 /* Views */,
			);
			path = Result;
			sourceTree = "<group>";
		};
		B0CF125729CA86830061E9C3 /* Views */ = {
			isa = PBXGroup;
			children = (
				B0CF124929C8CEFD0061E9C3 /* ResultButtonsView.swift */,
				B0CF125529CA867D0061E9C3 /* ResultTeamsView.swift */,
				B0CF125829CB60320061E9C3 /* ResultTeamView.swift */,
				B0CF124529C765FB0061E9C3 /* ResultView.swift */,
			);
			path = Views;
			sourceTree = "<group>";
		};
		B0DE7F5929AFA9D400B30CC0 /* MolkkyPlay */ = {
			isa = PBXGroup;
			children = (
				B0DE7F5C29AFAA0900B30CC0 /* MolkkyPlayFeature.swift */,
				B0DE7F6829B38C7800B30CC0 /* Views */,
			);
			path = MolkkyPlay;
			sourceTree = "<group>";
		};
		B0DE7F6829B38C7800B30CC0 /* Views */ = {
			isa = PBXGroup;
			children = (
				B038DE2D29B8EBA30030276E /* Lower */,
				B0DE7F5A29AFA9EE00B30CC0 /* MolkkyPlayView.swift */,
				B038DE2C29B8EB9A0030276E /* Upper */,
			);
			path = Views;
			sourceTree = "<group>";
		};
/* End PBXGroup section */

/* Begin PBXNativeTarget section */
		B04E138029990F710055CA7F /* MolkkyScoreBoard */ = {
			isa = PBXNativeTarget;
			buildConfigurationList = B04E138F29990F730055CA7F /* Build configuration list for PBXNativeTarget "MolkkyScoreBoard" */;
			buildPhases = (
				B04E137D29990F710055CA7F /* Sources */,
				B04E137E29990F710055CA7F /* Frameworks */,
				B04E137F29990F710055CA7F /* Resources */,
				B016184D2A80008B00E8C6AE /* ShellScript */,
			);
			buildRules = (
			);
			dependencies = (
			);
			name = MolkkyScoreBoard;
			packageProductDependencies = (
				B04E1393299913E30055CA7F /* ComposableArchitecture */,
				B02ED77F29A26DFA0037B9DF /* Algorithms */,
			);
			productName = MolkkyScoreBoard;
			productReference = B04E138129990F710055CA7F /* MolkkyScoreBoard.app */;
			productType = "com.apple.product-type.application";
		};
/* End PBXNativeTarget section */

/* Begin PBXProject section */
		B04E137929990F710055CA7F /* Project object */ = {
			isa = PBXProject;
			attributes = {
				BuildIndependentTargetsInParallel = 1;
				LastSwiftUpdateCheck = 1420;
				LastUpgradeCheck = 1420;
				TargetAttributes = {
					B04E138029990F710055CA7F = {
						CreatedOnToolsVersion = 14.2;
					};
				};
			};
			buildConfigurationList = B04E137C29990F710055CA7F /* Build configuration list for PBXProject "MolkkyScoreBoard" */;
			compatibilityVersion = "Xcode 14.0";
			developmentRegion = en;
			hasScannedForEncodings = 0;
			knownRegions = (
				en,
				Base,
			);
			mainGroup = B04E137829990F710055CA7F;
			packageReferences = (
				B04E1392299913E30055CA7F /* XCRemoteSwiftPackageReference "swift-composable-architecture" */,
				B02ED77E29A26DFA0037B9DF /* XCRemoteSwiftPackageReference "swift-algorithms" */,
			);
			productRefGroup = B04E138229990F710055CA7F /* Products */;
			projectDirPath = "";
			projectRoot = "";
			targets = (
				B04E138029990F710055CA7F /* MolkkyScoreBoard */,
			);
		};
/* End PBXProject section */

/* Begin PBXResourcesBuildPhase section */
		B04E137F29990F710055CA7F /* Resources */ = {
			isa = PBXResourcesBuildPhase;
			buildActionMask = 2147483647;
			files = (
				B016184C2A7FFF6100E8C6AE /* Settings.bundle in Resources */,
				B08AF49629E996D100BDB776 /* Color.xcassets in Resources */,
				B04E138C29990F730055CA7F /* Preview Assets.xcassets in Resources */,
				B04E138929990F730055CA7F /* Assets.xcassets in Resources */,
			);
			runOnlyForDeploymentPostprocessing = 0;
		};
/* End PBXResourcesBuildPhase section */

/* Begin PBXShellScriptBuildPhase section */
		B016184D2A80008B00E8C6AE /* ShellScript */ = {
			isa = PBXShellScriptBuildPhase;
			alwaysOutOfDate = 1;
			buildActionMask = 2147483647;
			files = (
			);
			inputFileListPaths = (
			);
			inputPaths = (
			);
			outputFileListPaths = (
			);
			outputPaths = (
			);
			runOnlyForDeploymentPostprocessing = 0;
			shellPath = /bin/sh;
			shellScript = "cd $SRCROOT\n/usr/local/bin/license-plist --output-path $PRODUCT_NAME/Settings.bundle\n";
		};
/* End PBXShellScriptBuildPhase section */

/* Begin PBXSourcesBuildPhase section */
		B04E137D29990F710055CA7F /* Sources */ = {
			isa = PBXSourcesBuildPhase;
			buildActionMask = 2147483647;
			files = (
				B0DE7F6329B0FE2D00B30CC0 /* PlayingButtonsView.swift in Sources */,
				B04E13A4299BF1540055CA7F /* NavigationViewAppearance.swift in Sources */,
				B016185B2A8D294300E8C6AE /* StoreReviewHandler.swift in Sources */,
				B0AEE9D2299E963A0026AA42 /* TeamsMakeFeature.swift in Sources */,
				B038DE3329B8F1F70030276E /* TeamScoresRowView.swift in Sources */,
				B0CF125629CA867D0061E9C3 /* ResultTeamsView.swift in Sources */,
				B02ED78929A510B10037B9DF /* TeamsOrderEditFeature.swift in Sources */,
				B0CF125929CB60320061E9C3 /* ResultTeamView.swift in Sources */,
				B064DD0129D9D549009AE6A2 /* TeamMembersMakeView.swift in Sources */,
				B06E16282A040D7000ADFC2F /* AppDelegate.swift in Sources */,
				B0DE7F6529B102E200B30CC0 /* TeamScoresView.swift in Sources */,
				B0DE7F5B29AFA9EE00B30CC0 /* MolkkyPlayView.swift in Sources */,
				B06E16262A0409B200ADFC2F /* HomeTabViewController.swift in Sources */,
				B0DE7F5F29B0F9A100B30CC0 /* SkittleView.swift in Sources */,
				B0DE7F6A29B38F7D00B30CC0 /* Skittle.swift in Sources */,
				B08A671E29D760A70073D63B /* NameValidator.swift in Sources */,
				B0CF124A29C8CEFD0061E9C3 /* ResultButtonsView.swift in Sources */,
				B04E13A0299918120055CA7F /* InformationView.swift in Sources */,
				B01618552A8D18C000E8C6AE /* URLConstants.swift in Sources */,
				B08AF49A29E9A0CF00BDB776 /* TabViewAppearance.swift in Sources */,
				B064DCFF29D7698C009AE6A2 /* InvalidTeamIndex.swift in Sources */,
				B0CF124829C766160061E9C3 /* ResultFeature.swift in Sources */,
				B08AF49029E7294A00BDB776 /* SpecialThanksView.swift in Sources */,
				B08A671A29D75F810073D63B /* Validator.swift in Sources */,
				B08AF48229E1654D00BDB776 /* WrappedWebView.swift in Sources */,
				B04E13A6299D343D0055CA7F /* TeamSelectButtonView.swift in Sources */,
				B08A671529D4AA160073D63B /* DestinationType.swift in Sources */,
				B08AF49829E99D2400BDB776 /* AppColor.swift in Sources */,
				B06E162229FE70D000ADFC2F /* IntroductionTextView.swift in Sources */,
				B0CF124629C765FB0061E9C3 /* ResultView.swift in Sources */,
				B0AEE9D4299E96CD0026AA42 /* Team.swift in Sources */,
				B01618582A8D245800E8C6AE /* UserDefaultsKeys.swift in Sources */,
				B08AF48E29E5D43400BDB776 /* ParentWebViewModel.swift in Sources */,
				B016185D2A8D328700E8C6AE /* UserDefaultsInteger.swift in Sources */,
				B08AF49429E72A3400BDB776 /* SpecialThanksRole.swift in Sources */,
				B038DE3129B8EC4C0030276E /* TeamScoresRowsView.swift in Sources */,
				B064DD0529DB3F84009AE6A2 /* NameValidationResult.swift in Sources */,
				B02ED78629A5084F0037B9DF /* TeamsOrderEditView.swift in Sources */,
				B0532B1229BF769B003D4568 /* PlayAction.swift in Sources */,
				B038DE3829BC84A50030276E /* TeamScore.swift in Sources */,
				B04E13A9299D39920055CA7F /* TeamsMakeView.swift in Sources */,
				B02ED78229A3D22D0037B9DF /* TeamMemberCountEditButtonsView.swift in Sources */,
				B0DE7F5D29AFAA0900B30CC0 /* MolkkyPlayFeature.swift in Sources */,
				B0DE7F6729B37EEC00B30CC0 /* TeamScoresTitleView.swift in Sources */,
				B064DD0329D9D99E009AE6A2 /* NameFormsView.swift in Sources */,
				B08AF48629E4826B00BDB776 /* ParentWebView.swift in Sources */,
				B064DD0C29DDE068009AE6A2 /* AppVersion.swift in Sources */,
				B0532B1029BF7215003D4568 /* PlayActionUndoManager.swift in Sources */,
				B0DB1BA429D35B06004F09F7 /* DestinationHolderView.swift in Sources */,
				B0AEE9D6299E974F0026AA42 /* TeamMember.swift in Sources */,
				B038DE3629BA38990030276E /* TeamsMock.swift in Sources */,
				B04E13972999155C0055CA7F /* HomeTabView.swift in Sources */,
				B0DE7F6129B0FBC500B30CC0 /* SkittlesView.swift in Sources */,
				B08A671729D4B2400073D63B /* PageRouter.swift in Sources */,
				B04E139E299917FD0055CA7F /* StartMenuView.swift in Sources */,
				B0A475A229A516CE003485B1 /* OrderingTeamView.swift in Sources */,
			);
			runOnlyForDeploymentPostprocessing = 0;
		};
/* End PBXSourcesBuildPhase section */

/* Begin XCBuildConfiguration section */
		B04E138D29990F730055CA7F /* Debug */ = {
			isa = XCBuildConfiguration;
			buildSettings = {
				ALWAYS_SEARCH_USER_PATHS = NO;
				CLANG_ANALYZER_NONNULL = YES;
				CLANG_ANALYZER_NUMBER_OBJECT_CONVERSION = YES_AGGRESSIVE;
				CLANG_CXX_LANGUAGE_STANDARD = "gnu++20";
				CLANG_ENABLE_MODULES = YES;
				CLANG_ENABLE_OBJC_ARC = YES;
				CLANG_ENABLE_OBJC_WEAK = YES;
				CLANG_WARN_BLOCK_CAPTURE_AUTORELEASING = YES;
				CLANG_WARN_BOOL_CONVERSION = YES;
				CLANG_WARN_COMMA = YES;
				CLANG_WARN_CONSTANT_CONVERSION = YES;
				CLANG_WARN_DEPRECATED_OBJC_IMPLEMENTATIONS = YES;
				CLANG_WARN_DIRECT_OBJC_ISA_USAGE = YES_ERROR;
				CLANG_WARN_DOCUMENTATION_COMMENTS = YES;
				CLANG_WARN_EMPTY_BODY = YES;
				CLANG_WARN_ENUM_CONVERSION = YES;
				CLANG_WARN_INFINITE_RECURSION = YES;
				CLANG_WARN_INT_CONVERSION = YES;
				CLANG_WARN_NON_LITERAL_NULL_CONVERSION = YES;
				CLANG_WARN_OBJC_IMPLICIT_RETAIN_SELF = YES;
				CLANG_WARN_OBJC_LITERAL_CONVERSION = YES;
				CLANG_WARN_OBJC_ROOT_CLASS = YES_ERROR;
				CLANG_WARN_QUOTED_INCLUDE_IN_FRAMEWORK_HEADER = YES;
				CLANG_WARN_RANGE_LOOP_ANALYSIS = YES;
				CLANG_WARN_STRICT_PROTOTYPES = YES;
				CLANG_WARN_SUSPICIOUS_MOVE = YES;
				CLANG_WARN_UNGUARDED_AVAILABILITY = YES_AGGRESSIVE;
				CLANG_WARN_UNREACHABLE_CODE = YES;
				CLANG_WARN__DUPLICATE_METHOD_MATCH = YES;
				COPY_PHASE_STRIP = NO;
				DEBUG_INFORMATION_FORMAT = dwarf;
				ENABLE_STRICT_OBJC_MSGSEND = YES;
				ENABLE_TESTABILITY = YES;
				GCC_C_LANGUAGE_STANDARD = gnu11;
				GCC_DYNAMIC_NO_PIC = NO;
				GCC_NO_COMMON_BLOCKS = YES;
				GCC_OPTIMIZATION_LEVEL = 0;
				GCC_PREPROCESSOR_DEFINITIONS = (
					"DEBUG=1",
					"$(inherited)",
				);
				GCC_WARN_64_TO_32_BIT_CONVERSION = YES;
				GCC_WARN_ABOUT_RETURN_TYPE = YES_ERROR;
				GCC_WARN_UNDECLARED_SELECTOR = YES;
				GCC_WARN_UNINITIALIZED_AUTOS = YES_AGGRESSIVE;
				GCC_WARN_UNUSED_FUNCTION = YES;
				GCC_WARN_UNUSED_VARIABLE = YES;
				IPHONEOS_DEPLOYMENT_TARGET = 16.0;
				MTL_ENABLE_DEBUG_INFO = INCLUDE_SOURCE;
				MTL_FAST_MATH = YES;
				ONLY_ACTIVE_ARCH = YES;
				SDKROOT = iphoneos;
				SWIFT_ACTIVE_COMPILATION_CONDITIONS = DEBUG;
				SWIFT_OPTIMIZATION_LEVEL = "-Onone";
			};
			name = Debug;
		};
		B04E138E29990F730055CA7F /* Release */ = {
			isa = XCBuildConfiguration;
			buildSettings = {
				ALWAYS_SEARCH_USER_PATHS = NO;
				CLANG_ANALYZER_NONNULL = YES;
				CLANG_ANALYZER_NUMBER_OBJECT_CONVERSION = YES_AGGRESSIVE;
				CLANG_CXX_LANGUAGE_STANDARD = "gnu++20";
				CLANG_ENABLE_MODULES = YES;
				CLANG_ENABLE_OBJC_ARC = YES;
				CLANG_ENABLE_OBJC_WEAK = YES;
				CLANG_WARN_BLOCK_CAPTURE_AUTORELEASING = YES;
				CLANG_WARN_BOOL_CONVERSION = YES;
				CLANG_WARN_COMMA = YES;
				CLANG_WARN_CONSTANT_CONVERSION = YES;
				CLANG_WARN_DEPRECATED_OBJC_IMPLEMENTATIONS = YES;
				CLANG_WARN_DIRECT_OBJC_ISA_USAGE = YES_ERROR;
				CLANG_WARN_DOCUMENTATION_COMMENTS = YES;
				CLANG_WARN_EMPTY_BODY = YES;
				CLANG_WARN_ENUM_CONVERSION = YES;
				CLANG_WARN_INFINITE_RECURSION = YES;
				CLANG_WARN_INT_CONVERSION = YES;
				CLANG_WARN_NON_LITERAL_NULL_CONVERSION = YES;
				CLANG_WARN_OBJC_IMPLICIT_RETAIN_SELF = YES;
				CLANG_WARN_OBJC_LITERAL_CONVERSION = YES;
				CLANG_WARN_OBJC_ROOT_CLASS = YES_ERROR;
				CLANG_WARN_QUOTED_INCLUDE_IN_FRAMEWORK_HEADER = YES;
				CLANG_WARN_RANGE_LOOP_ANALYSIS = YES;
				CLANG_WARN_STRICT_PROTOTYPES = YES;
				CLANG_WARN_SUSPICIOUS_MOVE = YES;
				CLANG_WARN_UNGUARDED_AVAILABILITY = YES_AGGRESSIVE;
				CLANG_WARN_UNREACHABLE_CODE = YES;
				CLANG_WARN__DUPLICATE_METHOD_MATCH = YES;
				COPY_PHASE_STRIP = NO;
				DEBUG_INFORMATION_FORMAT = "dwarf-with-dsym";
				ENABLE_NS_ASSERTIONS = NO;
				ENABLE_STRICT_OBJC_MSGSEND = YES;
				GCC_C_LANGUAGE_STANDARD = gnu11;
				GCC_NO_COMMON_BLOCKS = YES;
				GCC_WARN_64_TO_32_BIT_CONVERSION = YES;
				GCC_WARN_ABOUT_RETURN_TYPE = YES_ERROR;
				GCC_WARN_UNDECLARED_SELECTOR = YES;
				GCC_WARN_UNINITIALIZED_AUTOS = YES_AGGRESSIVE;
				GCC_WARN_UNUSED_FUNCTION = YES;
				GCC_WARN_UNUSED_VARIABLE = YES;
				IPHONEOS_DEPLOYMENT_TARGET = 16.0;
				MTL_ENABLE_DEBUG_INFO = NO;
				MTL_FAST_MATH = YES;
				SDKROOT = iphoneos;
				SWIFT_COMPILATION_MODE = wholemodule;
				SWIFT_OPTIMIZATION_LEVEL = "-O";
				VALIDATE_PRODUCT = YES;
			};
			name = Release;
		};
		B04E139029990F730055CA7F /* Debug */ = {
			isa = XCBuildConfiguration;
			buildSettings = {
				ASSETCATALOG_COMPILER_APPICON_NAME = AppIcon;
				ASSETCATALOG_COMPILER_GLOBAL_ACCENT_COLOR_NAME = AccentColor;
				CODE_SIGN_STYLE = Automatic;
				CURRENT_PROJECT_VERSION = 1.0.0;
				DEVELOPMENT_ASSET_PATHS = "\"MolkkyScoreBoard/Preview Content\"";
				DEVELOPMENT_TEAM = 3W722UE7AL;
				ENABLE_PREVIEWS = YES;
				GENERATE_INFOPLIST_FILE = YES;
				INFOPLIST_FILE = MolkkyScoreBoard/Info.plist;
				INFOPLIST_KEY_CFBundleDisplayName = "みんモル";
				INFOPLIST_KEY_UIApplicationSupportsIndirectInputEvents = YES;
				INFOPLIST_KEY_UISupportedInterfaceOrientations_iPad = "UIInterfaceOrientationPortrait UIInterfaceOrientationPortraitUpsideDown UIInterfaceOrientationLandscapeLeft UIInterfaceOrientationLandscapeRight";
				INFOPLIST_KEY_UISupportedInterfaceOrientations_iPhone = "UIInterfaceOrientationPortrait UIInterfaceOrientationLandscapeLeft UIInterfaceOrientationLandscapeRight";
				INFOPLIST_KEY_UIUserInterfaceStyle = Light;
				IPHONEOS_DEPLOYMENT_TARGET = 16.0;
				LD_RUNPATH_SEARCH_PATHS = (
					"$(inherited)",
					"@executable_path/Frameworks",
				);
				MARKETING_VERSION = 1.0.0;
				PRODUCT_BUNDLE_IDENTIFIER = com.ta9yamakawa.MolkkyScoreBoard;
				PRODUCT_NAME = "$(TARGET_NAME)";
				SWIFT_EMIT_LOC_STRINGS = YES;
				SWIFT_VERSION = 5.0;
				TARGETED_DEVICE_FAMILY = "1,2";
			};
			name = Debug;
		};
		B04E139129990F730055CA7F /* Release */ = {
			isa = XCBuildConfiguration;
			buildSettings = {
				ASSETCATALOG_COMPILER_APPICON_NAME = AppIcon;
				ASSETCATALOG_COMPILER_GLOBAL_ACCENT_COLOR_NAME = AccentColor;
				CODE_SIGN_STYLE = Automatic;
				CURRENT_PROJECT_VERSION = 1.0.0;
				DEVELOPMENT_ASSET_PATHS = "\"MolkkyScoreBoard/Preview Content\"";
				DEVELOPMENT_TEAM = 3W722UE7AL;
				ENABLE_PREVIEWS = YES;
				GENERATE_INFOPLIST_FILE = YES;
				INFOPLIST_FILE = MolkkyScoreBoard/Info.plist;
				INFOPLIST_KEY_CFBundleDisplayName = "みんモル";
				INFOPLIST_KEY_UIApplicationSupportsIndirectInputEvents = YES;
				INFOPLIST_KEY_UISupportedInterfaceOrientations_iPad = "UIInterfaceOrientationPortrait UIInterfaceOrientationPortraitUpsideDown UIInterfaceOrientationLandscapeLeft UIInterfaceOrientationLandscapeRight";
				INFOPLIST_KEY_UISupportedInterfaceOrientations_iPhone = "UIInterfaceOrientationPortrait UIInterfaceOrientationLandscapeLeft UIInterfaceOrientationLandscapeRight";
				INFOPLIST_KEY_UIUserInterfaceStyle = Light;
				IPHONEOS_DEPLOYMENT_TARGET = 16.0;
				LD_RUNPATH_SEARCH_PATHS = (
					"$(inherited)",
					"@executable_path/Frameworks",
				);
				MARKETING_VERSION = 1.0.0;
				PRODUCT_BUNDLE_IDENTIFIER = com.ta9yamakawa.MolkkyScoreBoard;
				PRODUCT_NAME = "$(TARGET_NAME)";
				SWIFT_EMIT_LOC_STRINGS = YES;
				SWIFT_VERSION = 5.0;
				TARGETED_DEVICE_FAMILY = "1,2";
			};
			name = Release;
		};
/* End XCBuildConfiguration section */

/* Begin XCConfigurationList section */
		B04E137C29990F710055CA7F /* Build configuration list for PBXProject "MolkkyScoreBoard" */ = {
			isa = XCConfigurationList;
			buildConfigurations = (
				B04E138D29990F730055CA7F /* Debug */,
				B04E138E29990F730055CA7F /* Release */,
			);
			defaultConfigurationIsVisible = 0;
			defaultConfigurationName = Release;
		};
		B04E138F29990F730055CA7F /* Build configuration list for PBXNativeTarget "MolkkyScoreBoard" */ = {
			isa = XCConfigurationList;
			buildConfigurations = (
				B04E139029990F730055CA7F /* Debug */,
				B04E139129990F730055CA7F /* Release */,
			);
			defaultConfigurationIsVisible = 0;
			defaultConfigurationName = Release;
		};
/* End XCConfigurationList section */

/* Begin XCRemoteSwiftPackageReference section */
		B02ED77E29A26DFA0037B9DF /* XCRemoteSwiftPackageReference "swift-algorithms" */ = {
			isa = XCRemoteSwiftPackageReference;
			repositoryURL = "https://github.com/apple/swift-algorithms.git";
			requirement = {
				kind = upToNextMajorVersion;
				minimumVersion = 1.0.0;
			};
		};
		B04E1392299913E30055CA7F /* XCRemoteSwiftPackageReference "swift-composable-architecture" */ = {
			isa = XCRemoteSwiftPackageReference;
			repositoryURL = "https://github.com/pointfreeco/swift-composable-architecture";
			requirement = {
				kind = exactVersion;
				version = 0.52.0;
			};
		};
/* End XCRemoteSwiftPackageReference section */

/* Begin XCSwiftPackageProductDependency section */
		B02ED77F29A26DFA0037B9DF /* Algorithms */ = {
			isa = XCSwiftPackageProductDependency;
			package = B02ED77E29A26DFA0037B9DF /* XCRemoteSwiftPackageReference "swift-algorithms" */;
			productName = Algorithms;
		};
		B04E1393299913E30055CA7F /* ComposableArchitecture */ = {
			isa = XCSwiftPackageProductDependency;
			package = B04E1392299913E30055CA7F /* XCRemoteSwiftPackageReference "swift-composable-architecture" */;
			productName = ComposableArchitecture;
		};
/* End XCSwiftPackageProductDependency section */
	};
	rootObject = B04E137929990F710055CA7F /* Project object */;
}
